<?xml version="1.0" encoding="utf-8"?>
<Project ToolsVersion="4.0" xmlns="http://schemas.microsoft.com/developer/msbuild/2003">
  <ItemGroup>
    <Filter Include="Sources">
      <UniqueIdentifier>{8b7ed093-66ce-4096-96d2-fbb9faa4bf52}</UniqueIdentifier>
    </Filter>
    <Filter Include="Sources\Modules">
      <UniqueIdentifier>{7b418be2-1631-4a31-9ef2-8a8b234a7339}</UniqueIdentifier>
    </Filter>
    <Filter Include="Sources\Containers">
      <UniqueIdentifier>{afc36133-f401-499a-aa33-0da1e500fb52}</UniqueIdentifier>
    </Filter>
    <Filter Include="Sources\Tools">
      <UniqueIdentifier>{7e4dfaf7-022c-4f7d-92aa-f3b3fa9d6248}</UniqueIdentifier>
    </Filter>
    <Filter Include="Sources\Helpers">
      <UniqueIdentifier>{121f8e6b-df36-4ab0-be0d-601ddfc9e503}</UniqueIdentifier>
    </Filter>
    <Filter Include="Sources\Modules\Game">
      <UniqueIdentifier>{83f46af7-e02f-40c0-9e56-41d76082527b}</UniqueIdentifier>
    </Filter>
    <Filter Include="Sources\ExternLibs">
      <UniqueIdentifier>{8ccf73c2-d180-4644-9939-6d79e825f38c}</UniqueIdentifier>
    </Filter>
    <Filter Include="Sources\ExternLibs\ImGui">
      <UniqueIdentifier>{d9825da6-f66a-4603-a904-65d8ac9d189d}</UniqueIdentifier>
    </Filter>
    <Filter Include="Sources\ExternLibs\MathGeoLib">
      <UniqueIdentifier>{5377ec70-d0b3-4a1f-8930-5674c839ee65}</UniqueIdentifier>
    </Filter>
    <Filter Include="Sources\ExternLibs\mmgr">
      <UniqueIdentifier>{5f70bf14-2118-4f03-b2cc-b834b5cf579a}</UniqueIdentifier>
    </Filter>
  </ItemGroup>
  <ItemGroup>
    <ClInclude Include="Module.h">
      <Filter>Sources\Modules</Filter>
    </ClInclude>
    <ClInclude Include="ModuleAudio.h">
      <Filter>Sources\Modules</Filter>
    </ClInclude>
    <ClInclude Include="ModuleCamera3D.h">
      <Filter>Sources\Modules</Filter>
    </ClInclude>
    <ClInclude Include="ModuleInput.h">
      <Filter>Sources\Modules</Filter>
    </ClInclude>
    <ClInclude Include="ModuleRenderer3D.h">
      <Filter>Sources\Modules</Filter>
    </ClInclude>
    <ClInclude Include="ModuleWindow.h">
      <Filter>Sources\Modules</Filter>
    </ClInclude>
    <ClInclude Include="p2DynArray.h">
      <Filter>Sources\Containers</Filter>
    </ClInclude>
    <ClInclude Include="p2List.h">
      <Filter>Sources\Containers</Filter>
    </ClInclude>
    <ClInclude Include="p2Point.h">
      <Filter>Sources\Containers</Filter>
    </ClInclude>
    <ClInclude Include="glmath.h">
      <Filter>Sources\Containers</Filter>
    </ClInclude>
    <ClInclude Include="Application.h">
      <Filter>Sources</Filter>
    </ClInclude>
    <ClInclude Include="Globals.h">
      <Filter>Sources</Filter>
    </ClInclude>
    <ClInclude Include="Color.h">
      <Filter>Sources\Containers</Filter>
    </ClInclude>
    <ClInclude Include="Light.h">
      <Filter>Sources\Helpers</Filter>
    </ClInclude>
    <ClInclude Include="ModuleSceneIntro.h">
      <Filter>Sources\Modules\Game</Filter>
    </ClInclude>
    <ClInclude Include="Timer.h">
      <Filter>Sources\Tools</Filter>
    </ClInclude>
    <ClInclude Include="ModulePhysics3D.h">
      <Filter>Sources\Modules</Filter>
    </ClInclude>
    <ClInclude Include="PhysBody3D.h">
      <Filter>Sources\Helpers</Filter>
    </ClInclude>
    <ClInclude Include="Primitive.h">
      <Filter>Sources\Helpers</Filter>
    </ClInclude>
    <ClInclude Include="imgui\imconfig.h">
      <Filter>Sources\ExternLibs\ImGui</Filter>
    </ClInclude>
    <ClInclude Include="imgui\imgui.h">
      <Filter>Sources\ExternLibs\ImGui</Filter>
    </ClInclude>
    <ClInclude Include="imgui\imgui_impl_sdl_gl3.h">
      <Filter>Sources\ExternLibs\ImGui</Filter>
    </ClInclude>
    <ClInclude Include="imgui\imgui_internal.h">
      <Filter>Sources\ExternLibs\ImGui</Filter>
    </ClInclude>
    <ClInclude Include="imgui\stb_rect_pack.h">
      <Filter>Sources\ExternLibs\ImGui</Filter>
    </ClInclude>
    <ClInclude Include="imgui\stb_textedit.h">
      <Filter>Sources\ExternLibs\ImGui</Filter>
    </ClInclude>
    <ClInclude Include="imgui\stb_truetype.h">
      <Filter>Sources\ExternLibs\ImGui</Filter>
    </ClInclude>
    <ClInclude Include="MathGeoLib\MathBuildConfig.h">
      <Filter>Sources\ExternLibs\MathGeoLib</Filter>
    </ClInclude>
    <ClInclude Include="MathGeoLib\MathGeoLib.h">
      <Filter>Sources\ExternLibs\MathGeoLib</Filter>
    </ClInclude>
    <ClInclude Include="MathGeoLib\MathGeoLibFwd.h">
      <Filter>Sources\ExternLibs\MathGeoLib</Filter>
    </ClInclude>
    <ClInclude Include="ModuleEditor.h">
      <Filter>Sources\Modules</Filter>
    </ClInclude>
  </ItemGroup>
  <ItemGroup>
    <ClCompile Include="ModuleAudio.cpp">
      <Filter>Sources\Modules</Filter>
    </ClCompile>
    <ClCompile Include="ModuleCamera3D.cpp">
      <Filter>Sources\Modules</Filter>
    </ClCompile>
    <ClCompile Include="ModuleInput.cpp">
      <Filter>Sources\Modules</Filter>
    </ClCompile>
    <ClCompile Include="ModuleRenderer3D.cpp">
      <Filter>Sources\Modules</Filter>
    </ClCompile>
    <ClCompile Include="ModuleWindow.cpp">
      <Filter>Sources\Modules</Filter>
    </ClCompile>
    <ClCompile Include="log.cpp">
      <Filter>Sources\Tools</Filter>
    </ClCompile>
    <ClCompile Include="Timer.cpp">
      <Filter>Sources\Tools</Filter>
    </ClCompile>
    <ClCompile Include="Application.cpp">
      <Filter>Sources</Filter>
    </ClCompile>
    <ClCompile Include="Main.cpp">
      <Filter>Sources</Filter>
    </ClCompile>
    <ClCompile Include="glmath.cpp">
      <Filter>Sources\Containers</Filter>
    </ClCompile>
    <ClCompile Include="Color.cpp">
      <Filter>Sources\Containers</Filter>
    </ClCompile>
    <ClCompile Include="Light.cpp">
      <Filter>Sources\Helpers</Filter>
    </ClCompile>
    <ClCompile Include="ModuleSceneIntro.cpp">
      <Filter>Sources\Modules\Game</Filter>
    </ClCompile>
    <ClCompile Include="ModulePhysics3D.cpp">
      <Filter>Sources\Modules</Filter>
    </ClCompile>
    <ClCompile Include="PhysBody3D.cpp">
      <Filter>Sources\Helpers</Filter>
    </ClCompile>
    <ClCompile Include="Primitive.cpp">
      <Filter>Sources\Helpers</Filter>
    </ClCompile>
    <ClCompile Include="imgui\imgui.cpp">
      <Filter>Sources\ExternLibs\ImGui</Filter>
    </ClCompile>
    <ClCompile Include="imgui\imgui_demo.cpp">
      <Filter>Sources\ExternLibs\ImGui</Filter>
    </ClCompile>
    <ClCompile Include="imgui\imgui_draw.cpp">
      <Filter>Sources\ExternLibs\ImGui</Filter>
    </ClCompile>
    <ClCompile Include="imgui\imgui_impl_sdl_gl3.cpp">
      <Filter>Sources\ExternLibs\ImGui</Filter>
    </ClCompile>
    <ClCompile Include="ModuleEditor.cpp">
      <Filter>Sources\Modules</Filter>
    </ClCompile>
  </ItemGroup>
</Project>